
Microsoft Visual Studio Solution File, Format Version 12.00
# Visual Studio Version 16
VisualStudioVersion = 16.0.31702.278
MinimumVisualStudioVersion = 10.0.40219.1
Project("{FAE04EC0-301F-11D3-BF4B-00C04F79EFBC}") = "BaiTap", "BaiTap\BaiTap.csproj", "{09C54160-8270-41B6-B3C8-01BE657D2363}"
EndProject
Global
	GlobalSection(SolutionConfigurationPlatforms) = preSolution
		Debug|Any CPU = Debug|Any CPU
		Release|Any CPU = Release|Any CPU
	EndGlobalSection
	GlobalSection(ProjectConfigurationPlatforms) = postSolution
		{09C54160-8270-41B6-B3C8-01BE657D2363}.Debug|Any CPU.ActiveCfg = Debug|Any CPU
		{09C54160-8270-41B6-B3C8-01BE657D2363}.Debug|Any CPU.Build.0 = Debug|Any CPU
		{09C54160-8270-41B6-B3C8-01BE657D2363}.Release|Any CPU.ActiveCfg = Release|Any CPU
		{09C54160-8270-41B6-B3C8-01BE657D2363}.Release|Any CPU.Build.0 = Release|Any CPU
	EndGlobalSection
	GlobalSection(SolutionProperties) = preSolution
		HideSolutionNode = FALSE
	EndGlobalSection
	GlobalSection(ExtensibilityGlobals) = postSolution
		SolutionGuid = {340C9E8D-6967-4BFE-8B7B-A0B5441118CF}
	EndGlobalSection
EndGlobal
